
Microsoft Visual Studio Solution File, Format Version 12.00
# Visual Studio 15
VisualStudioVersion = 15.0.28010.2046
MinimumVisualStudioVersion = 10.0.40219.1
Project("{2150E333-8FDC-42A3-9474-1A3956D46DE8}") = "1.API", "1.API", "{2ABCB387-F93E-42AC-A482-8816AE776570}"
EndProject
Project("{2150E333-8FDC-42A3-9474-1A3956D46DE8}") = "00.Tests", "00.Tests", "{05F0FFB6-78B5-467F-B5DF-7391D53A886D}"
EndProject
Project("{2150E333-8FDC-42A3-9474-1A3956D46DE8}") = "01.Common", "01.Common", "{25628B80-D22F-4582-8E8E-6921AD7F9759}"
EndProject
Project("{2150E333-8FDC-42A3-9474-1A3956D46DE8}") = "2.Services", "2.Services", "{9C30FBDA-F35E-4650-AB2E-3950EEC38E86}"
EndProject
Project("{2150E333-8FDC-42A3-9474-1A3956D46DE8}") = "3.Repositories", "3.Repositories", "{CCD4E4BE-23B7-416E-8B3D-33A1BEFBB8A0}"
EndProject
Global
	GlobalSection(SolutionProperties) = preSolution
		HideSolutionNode = FALSE
	EndGlobalSection
	GlobalSection(ExtensibilityGlobals) = postSolution
		SolutionGuid = {6167D2F6-47D9-45C5-A33A-8072791E3A43}
	EndGlobalSection
EndGlobal
